
Microsoft Visual Studio Solution File, Format Version 12.00
# Visual Studio Version 17
VisualStudioVersion = 17.0.31825.309
MinimumVisualStudioVersion = 10.0.40219.1
Project("{9A19103F-16F7-4668-BE54-9A1E7A4F7556}") = "SpotifAds", "SpotifAds.csproj", "{1DF46509-B1A7-4B6F-9783-9C14970D3D29}"
EndProject
Project("{54435603-DBB4-11D2-8724-00A0C9A8B90C}") = "SpotifAds Setup", "SpotifAds Setup\SpotifAds Setup.vdproj", "{4E74C000-DCED-4532-8C00-94BDFBAA9711}"
EndProject
Global
	GlobalSection(SolutionConfigurationPlatforms) = preSolution
		Debug|Any CPU = Debug|Any CPU
		Release|Any CPU = Release|Any CPU
	EndGlobalSection
	GlobalSection(ProjectConfigurationPlatforms) = postSolution
		{1DF46509-B1A7-4B6F-9783-9C14970D3D29}.Debug|Any CPU.ActiveCfg = Debug|Any CPU
		{1DF46509-B1A7-4B6F-9783-9C14970D3D29}.Debug|Any CPU.Build.0 = Debug|Any CPU
		{1DF46509-B1A7-4B6F-9783-9C14970D3D29}.Release|Any CPU.ActiveCfg = Release|Any CPU
		{1DF46509-B1A7-4B6F-9783-9C14970D3D29}.Release|Any CPU.Build.0 = Release|Any CPU
		{4E74C000-DCED-4532-8C00-94BDFBAA9711}.Debug|Any CPU.ActiveCfg = Debug
		{4E74C000-DCED-4532-8C00-94BDFBAA9711}.Release|Any CPU.ActiveCfg = Release
	EndGlobalSection
	GlobalSection(SolutionProperties) = preSolution
		HideSolutionNode = FALSE
	EndGlobalSection
	GlobalSection(ExtensibilityGlobals) = postSolution
		SolutionGuid = {F36E5539-8949-4B8C-806D-CCED535E463E}
	EndGlobalSection
EndGlobal
